
Microsoft Visual Studio Solution File, Format Version 12.00
# Visual Studio Version 17
VisualStudioVersion = 17.0.31903.59
MinimumVisualStudioVersion = 10.0.40219.1
Project("{FAE04EC0-301F-11D3-BF4B-00C04F79EFBC}") = "JsonXmlParser.Gui", "JsonXmlParser.Gui\JsonXmlParser.Gui.csproj", "{8E31AD95-645C-4C27-8E13-4200220B511A}"
EndProject
Project("{FAE04EC0-301F-11D3-BF4B-00C04F79EFBC}") = "JsonXmlParser.Core", "JsonXmlParser.Core\JsonXmlParser.Core.csproj", "{E497DA48-99E7-4DE8-87BC-782F923BF37D}"
EndProject
Global
	GlobalSection(SolutionConfigurationPlatforms) = preSolution
		Debug|Any CPU = Debug|Any CPU
		Release|Any CPU = Release|Any CPU
	EndGlobalSection
	GlobalSection(SolutionProperties) = preSolution
		HideSolutionNode = FALSE
	EndGlobalSection
	GlobalSection(ProjectConfigurationPlatforms) = postSolution
		{8E31AD95-645C-4C27-8E13-4200220B511A}.Debug|Any CPU.ActiveCfg = Debug|Any CPU
		{8E31AD95-645C-4C27-8E13-4200220B511A}.Debug|Any CPU.Build.0 = Debug|Any CPU
		{8E31AD95-645C-4C27-8E13-4200220B511A}.Release|Any CPU.ActiveCfg = Release|Any CPU
		{8E31AD95-645C-4C27-8E13-4200220B511A}.Release|Any CPU.Build.0 = Release|Any CPU
		{E497DA48-99E7-4DE8-87BC-782F923BF37D}.Debug|Any CPU.ActiveCfg = Debug|Any CPU
		{E497DA48-99E7-4DE8-87BC-782F923BF37D}.Debug|Any CPU.Build.0 = Debug|Any CPU
		{E497DA48-99E7-4DE8-87BC-782F923BF37D}.Release|Any CPU.ActiveCfg = Release|Any CPU
		{E497DA48-99E7-4DE8-87BC-782F923BF37D}.Release|Any CPU.Build.0 = Release|Any CPU
	EndGlobalSection
EndGlobal
